
Microsoft Visual Studio Solution File, Format Version 12.00
# Visual Studio Version 16
VisualStudioVersion = 16.0.32602.291
MinimumVisualStudioVersion = 10.0.40219.1
Project("{FAE04EC0-301F-11D3-BF4B-00C04F79EFBC}") = "clinicia-vet", "clinicia-vet\clinicia-vet.csproj", "{FE3C85B3-B638-4964-84A9-EC999CE5816F}"
EndProject
Project("{FAE04EC0-301F-11D3-BF4B-00C04F79EFBC}") = "Persistencia", "Persistencia\Persistencia.csproj", "{BE74127F-A3CC-4646-A769-64FA14356521}"
EndProject
Project("{FAE04EC0-301F-11D3-BF4B-00C04F79EFBC}") = "Modelo", "Modelo\Modelo.csproj", "{93214FF4-E151-41D5-8E39-C2D2F8C4EF64}"
EndProject
Project("{FAE04EC0-301F-11D3-BF4B-00C04F79EFBC}") = "Servico", "Servico\Servico.csproj", "{EC08EDF6-33E8-4B2A-80B0-B9B865FFB8D5}"
EndProject
Global
	GlobalSection(SolutionConfigurationPlatforms) = preSolution
		Debug|Any CPU = Debug|Any CPU
		Release|Any CPU = Release|Any CPU
	EndGlobalSection
	GlobalSection(ProjectConfigurationPlatforms) = postSolution
		{FE3C85B3-B638-4964-84A9-EC999CE5816F}.Debug|Any CPU.ActiveCfg = Debug|Any CPU
		{FE3C85B3-B638-4964-84A9-EC999CE5816F}.Debug|Any CPU.Build.0 = Debug|Any CPU
		{FE3C85B3-B638-4964-84A9-EC999CE5816F}.Release|Any CPU.ActiveCfg = Release|Any CPU
		{FE3C85B3-B638-4964-84A9-EC999CE5816F}.Release|Any CPU.Build.0 = Release|Any CPU
		{BE74127F-A3CC-4646-A769-64FA14356521}.Debug|Any CPU.ActiveCfg = Debug|Any CPU
		{BE74127F-A3CC-4646-A769-64FA14356521}.Debug|Any CPU.Build.0 = Debug|Any CPU
		{BE74127F-A3CC-4646-A769-64FA14356521}.Release|Any CPU.ActiveCfg = Release|Any CPU
		{BE74127F-A3CC-4646-A769-64FA14356521}.Release|Any CPU.Build.0 = Release|Any CPU
		{93214FF4-E151-41D5-8E39-C2D2F8C4EF64}.Debug|Any CPU.ActiveCfg = Debug|Any CPU
		{93214FF4-E151-41D5-8E39-C2D2F8C4EF64}.Debug|Any CPU.Build.0 = Debug|Any CPU
		{93214FF4-E151-41D5-8E39-C2D2F8C4EF64}.Release|Any CPU.ActiveCfg = Release|Any CPU
		{93214FF4-E151-41D5-8E39-C2D2F8C4EF64}.Release|Any CPU.Build.0 = Release|Any CPU
		{EC08EDF6-33E8-4B2A-80B0-B9B865FFB8D5}.Debug|Any CPU.ActiveCfg = Debug|Any CPU
		{EC08EDF6-33E8-4B2A-80B0-B9B865FFB8D5}.Debug|Any CPU.Build.0 = Debug|Any CPU
		{EC08EDF6-33E8-4B2A-80B0-B9B865FFB8D5}.Release|Any CPU.ActiveCfg = Release|Any CPU
		{EC08EDF6-33E8-4B2A-80B0-B9B865FFB8D5}.Release|Any CPU.Build.0 = Release|Any CPU
	EndGlobalSection
	GlobalSection(SolutionProperties) = preSolution
		HideSolutionNode = FALSE
	EndGlobalSection
	GlobalSection(ExtensibilityGlobals) = postSolution
		SolutionGuid = {24C399F5-2400-4CD8-8E1E-BD67AA678F4D}
	EndGlobalSection
EndGlobal
